
Microsoft Visual Studio Solution File, Format Version 12.00
# Visual Studio Version 17
VisualStudioVersion = 17.0.32014.148
MinimumVisualStudioVersion = 10.0.40219.1
Project("{FAE04EC0-301F-11D3-BF4B-00C04F79EFBC}") = "NetSalaryPT", "NetSalaryPT\NetSalaryPT.csproj", "{95CDEDFA-0AE2-4A36-9130-F2753634A162}"
EndProject
Global
	GlobalSection(SolutionConfigurationPlatforms) = preSolution
		Debug|Any CPU = Debug|Any CPU
		Release|Any CPU = Release|Any CPU
	EndGlobalSection
	GlobalSection(ProjectConfigurationPlatforms) = postSolution
		{95CDEDFA-0AE2-4A36-9130-F2753634A162}.Debug|Any CPU.ActiveCfg = Debug|Any CPU
		{95CDEDFA-0AE2-4A36-9130-F2753634A162}.Debug|Any CPU.Build.0 = Debug|Any CPU
		{95CDEDFA-0AE2-4A36-9130-F2753634A162}.Release|Any CPU.ActiveCfg = Release|Any CPU
		{95CDEDFA-0AE2-4A36-9130-F2753634A162}.Release|Any CPU.Build.0 = Release|Any CPU
	EndGlobalSection
	GlobalSection(SolutionProperties) = preSolution
		HideSolutionNode = FALSE
	EndGlobalSection
	GlobalSection(ExtensibilityGlobals) = postSolution
		SolutionGuid = {4703E968-39FD-4E53-9AA6-B17D349C6314}
	EndGlobalSection
EndGlobal
